// !$*UTF8*$!
{
	archiveVersion = 1;
	classes = {
	};
	objectVersion = 50;
	objects = {

/* Begin PBXBuildFile section */
		DE9B044F254A860400623287 /* AppDelegate.swift in Sources */ = {isa = PBXBuildFile; fileRef = DE9B044E254A860400623287 /* AppDelegate.swift */; };
		DE9B0451254A860400623287 /* SceneDelegate.swift in Sources */ = {isa = PBXBuildFile; fileRef = DE9B0450254A860400623287 /* SceneDelegate.swift */; };
		DE9B0453254A860400623287 /* ViewController.swift in Sources */ = {isa = PBXBuildFile; fileRef = DE9B0452254A860400623287 /* ViewController.swift */; };
		DE9B0456254A860400623287 /* Main.storyboard in Resources */ = {isa = PBXBuildFile; fileRef = DE9B0454254A860400623287 /* Main.storyboard */; };
		DE9B0458254A860600623287 /* Assets.xcassets in Resources */ = {isa = PBXBuildFile; fileRef = DE9B0457254A860600623287 /* Assets.xcassets */; };
		DE9B045B254A860600623287 /* LaunchScreen.storyboard in Resources */ = {isa = PBXBuildFile; fileRef = DE9B0459254A860600623287 /* LaunchScreen.storyboard */; };
		DE9B0463254A8B8500623287 /* DataModel.swift in Sources */ = {isa = PBXBuildFile; fileRef = DE9B0462254A8B8500623287 /* DataModel.swift */; };
		DE9B0465254A8B9900623287 /* TableViewCell.swift in Sources */ = {isa = PBXBuildFile; fileRef = DE9B0464254A8B9900623287 /* TableViewCell.swift */; };
		DE9B0467254A980500623287 /* DetailsViewController.swift in Sources */ = {isa = PBXBuildFile; fileRef = DE9B0466254A980500623287 /* DetailsViewController.swift */; };
/* End PBXBuildFile section */

/* Begin PBXFileReference section */
		DE9B044B254A860400623287 /* Multiple TableView with UISegmented Control.app */ = {isa = PBXFileReference; explicitFileType = wrapper.application; includeInIndex = 0; path = "Multiple TableView with UISegmented Control.app"; sourceTree = BUILT_PRODUCTS_DIR; };
		DE9B044E254A860400623287 /* AppDelegate.swift */ = {isa = PBXFileReference; lastKnownFileType = sourcecode.swift; path = AppDelegate.swift; sourceTree = "<group>"; };
		DE9B0450254A860400623287 /* SceneDelegate.swift */ = {isa = PBXFileReference; lastKnownFileType = sourcecode.swift; path = SceneDelegate.swift; sourceTree = "<group>"; };
		DE9B0452254A860400623287 /* ViewController.swift */ = {isa = PBXFileReference; lastKnownFileType = sourcecode.swift; path = ViewController.swift; sourceTree = "<group>"; };
		DE9B0455254A860400623287 /* Base */ = {isa = PBXFileReference; lastKnownFileType = file.storyboard; name = Base; path = Base.lproj/Main.storyboard; sourceTree = "<group>"; };
		DE9B0457254A860600623287 /* Assets.xcassets */ = {isa = PBXFileReference; lastKnownFileType = folder.assetcatalog; path = Assets.xcassets; sourceTree = "<group>"; };
		DE9B045A254A860600623287 /* Base */ = {isa = PBXFileReference; lastKnownFileType = file.storyboard; name = Base; path = Base.lproj/LaunchScreen.storyboard; sourceTree = "<group>"; };
		DE9B045C254A860600623287 /* Info.plist */ = {isa = PBXFileReference; lastKnownFileType = text.plist.xml; path = Info.plist; sourceTree = "<group>"; };
		DE9B0462254A8B8500623287 /* DataModel.swift */ = {isa = PBXFileReference; lastKnownFileType = sourcecode.swift; path = DataModel.swift; sourceTree = "<group>"; };
		DE9B0464254A8B9900623287 /* TableViewCell.swift */ = {isa = PBXFileReference; lastKnownFileType = sourcecode.swift; path = TableViewCell.swift; sourceTree = "<group>"; };
		DE9B0466254A980500623287 /* DetailsViewController.swift */ = {isa = PBXFileReference; lastKnownFileType = sourcecode.swift; path = DetailsViewController.swift; sourceTree = "<group>"; };
/* End PBXFileReference section */

/* Begin PBXFrameworksBuildPhase section */
		DE9B0448254A860400623287 /* Frameworks */ = {
			isa = PBXFrameworksBuildPhase;
			buildActionMask = 2147483647;
			files = (
			);
			runOnlyForDeploymentPostprocessing = 0;
		};
/* End PBXFrameworksBuildPhase section */

/* Begin PBXGroup section */
		DE9B0442254A860400623287 = {
			isa = PBXGroup;
			children = (
				DE9B044D254A860400623287 /* Multiple TableView with UISegmented Control */,
				DE9B044C254A860400623287 /* Products */,
			);
			sourceTree = "<group>";
		};
		DE9B044C254A860400623287 /* Products */ = {
			isa = PBXGroup;
			children = (
				DE9B044B254A860400623287 /* Multiple TableView with UISegmented Control.app */,
			);
			name = Products;
			sourceTree = "<group>";
		};
		DE9B044D254A860400623287 /* Multiple TableView with UISegmented Control */ = {
			isa = PBXGroup;
			children = (
				DE9B044E254A860400623287 /* AppDelegate.swift */,
				DE9B0450254A860400623287 /* SceneDelegate.swift */,
				DE9B0452254A860400623287 /* ViewController.swift */,
				DE9B0466254A980500623287 /* DetailsViewController.swift */,
				DE9B0462254A8B8500623287 /* DataModel.swift */,
				DE9B0464254A8B9900623287 /* TableViewCell.swift */,
				DE9B0454254A860400623287 /* Main.storyboard */,
				DE9B0457254A860600623287 /* Assets.xcassets */,
				DE9B0459254A860600623287 /* LaunchScreen.storyboard */,
				DE9B045C254A860600623287 /* Info.plist */,
			);
			path = "Multiple TableView with UISegmented Control";
			sourceTree = "<group>";
		};
/* End PBXGroup section */

/* Begin PBXNativeTarget section */
		DE9B044A254A860400623287 /* Multiple TableView with UISegmented Control */ = {
			isa = PBXNativeTarget;
			buildConfigurationList = DE9B045F254A860600623287 /* Build configuration list for PBXNativeTarget "Multiple TableView with UISegmented Control" */;
			buildPhases = (
				DE9B0447254A860400623287 /* Sources */,
				DE9B0448254A860400623287 /* Frameworks */,
				DE9B0449254A860400623287 /* Resources */,
			);
			buildRules = (
			);
			dependencies = (
			);
			name = "Multiple TableView with UISegmented Control";
			productName = "Multiple TableView with UISegmented Control";
			productReference = DE9B044B254A860400623287 /* Multiple TableView with UISegmented Control.app */;
			productType = "com.apple.product-type.application";
		};
/* End PBXNativeTarget section */

/* Begin PBXProject section */
		DE9B0443254A860400623287 /* Project object */ = {
			isa = PBXProject;
			attributes = {
				LastSwiftUpdateCheck = 1110;
				LastUpgradeCheck = 1110;
				ORGANIZATIONNAME = "Adwait Barkale";
				TargetAttributes = {
					DE9B044A254A860400623287 = {
						CreatedOnToolsVersion = 11.1;
					};
				};
			};
			buildConfigurationList = DE9B0446254A860400623287 /* Build configuration list for PBXProject "Multiple TableView with UISegmented Control" */;
			compatibilityVersion = "Xcode 9.3";
			developmentRegion = en;
			hasScannedForEncodings = 0;
			knownRegions = (
				en,
				Base,
			);
			mainGroup = DE9B0442254A860400623287;
			productRefGroup = DE9B044C254A860400623287 /* Products */;
			projectDirPath = "";
			projectRoot = "";
			targets = (
				DE9B044A254A860400623287 /* Multiple TableView with UISegmented Control */,
			);
		};
/* End PBXProject section */

/* Begin PBXResourcesBuildPhase section */
		DE9B0449254A860400623287 /* Resources */ = {
			isa = PBXResourcesBuildPhase;
			buildActionMask = 2147483647;
			files = (
				DE9B045B254A860600623287 /* LaunchScreen.storyboard in Resources */,
				DE9B0458254A860600623287 /* Assets.xcassets in Resources */,
				DE9B0456254A860400623287 /* Main.storyboard in Resources */,
			);
			runOnlyForDeploymentPostprocessing = 0;
		};
/* End PBXResourcesBuildPhase section */

/* Begin PBXSourcesBuildPhase section */
		DE9B0447254A860400623287 /* Sources */ = {
			isa = PBXSourcesBuildPhase;
			buildActionMask = 2147483647;
			files = (
				DE9B0465254A8B9900623287 /* TableViewCell.swift in Sources */,
				DE9B0453254A860400623287 /* ViewController.swift in Sources */,
				DE9B0463254A8B8500623287 /* DataModel.swift in Sources */,
				DE9B044F254A860400623287 /* AppDelegate.swift in Sources */,
				DE9B0451254A860400623287 /* SceneDelegate.swift in Sources */,
				DE9B0467254A980500623287 /* DetailsViewController.swift in Sources */,
			);
			runOnlyForDeploymentPostprocessing = 0;
		};
/* End PBXSourcesBuildPhase section */

/* Begin PBXVariantGroup section */
		DE9B0454254A860400623287 /* Main.storyboard */ = {
			isa = PBXVariantGroup;
			children = (
				DE9B0455254A860400623287 /* Base */,
			);
			name = Main.storyboard;
			sourceTree = "<group>";
		};
		DE9B0459254A860600623287 /* LaunchScreen.storyboard */ = {
			isa = PBXVariantGroup;
			children = (
				DE9B045A254A860600623287 /* Base */,
			);
			name = LaunchScreen.storyboard;
			sourceTree = "<group>";
		};
/* End PBXVariantGroup section */

/* Begin XCBuildConfiguration section */
		DE9B045D254A860600623287 /* Debug */ = {
			isa = XCBuildConfiguration;
			buildSettings = {
				ALWAYS_SEARCH_USER_PATHS = NO;
				CLANG_ANALYZER_NONNULL = YES;
				CLANG_ANALYZER_NUMBER_OBJECT_CONVERSION = YES_AGGRESSIVE;
				CLANG_CXX_LANGUAGE_STANDARD = "gnu++14";
				CLANG_CXX_LIBRARY = "libc++";
				CLANG_ENABLE_MODULES = YES;
				CLANG_ENABLE_OBJC_ARC = YES;
				CLANG_ENABLE_OBJC_WEAK = YES;
				CLANG_WARN_BLOCK_CAPTURE_AUTORELEASING = YES;
				CLANG_WARN_BOOL_CONVERSION = YES;
				CLANG_WARN_COMMA = YES;
				CLANG_WARN_CONSTANT_CONVERSION = YES;
				CLANG_WARN_DEPRECATED_OBJC_IMPLEMENTATIONS = YES;
				CLANG_WARN_DIRECT_OBJC_ISA_USAGE = YES_ERROR;
				CLANG_WARN_DOCUMENTATION_COMMENTS = YES;
				CLANG_WARN_EMPTY_BODY = YES;
				CLANG_WARN_ENUM_CONVERSION = YES;
				CLANG_WARN_INFINITE_RECURSION = YES;
				CLANG_WARN_INT_CONVERSION = YES;
				CLANG_WARN_NON_LITERAL_NULL_CONVERSION = YES;
				CLANG_WARN_OBJC_IMPLICIT_RETAIN_SELF = YES;
				CLANG_WARN_OBJC_LITERAL_CONVERSION = YES;
				CLANG_WARN_OBJC_ROOT_CLASS = YES_ERROR;
				CLANG_WARN_RANGE_LOOP_ANALYSIS = YES;
				CLANG_WARN_STRICT_PROTOTYPES = YES;
				CLANG_WARN_SUSPICIOUS_MOVE = YES;
				CLANG_WARN_UNGUARDED_AVAILABILITY = YES_AGGRESSIVE;
				CLANG_WARN_UNREACHABLE_CODE = YES;
				CLANG_WARN__DUPLICATE_METHOD_MATCH = YES;
				COPY_PHASE_STRIP = NO;
				DEBUG_INFORMATION_FORMAT = dwarf;
				ENABLE_STRICT_OBJC_MSGSEND = YES;
				ENABLE_TESTABILITY = YES;
				GCC_C_LANGUAGE_STANDARD = gnu11;
				GCC_DYNAMIC_NO_PIC = NO;
				GCC_NO_COMMON_BLOCKS = YES;
				GCC_OPTIMIZATION_LEVEL = 0;
				GCC_PREPROCESSOR_DEFINITIONS = (
					"DEBUG=1",
					"$(inherited)",
				);
				GCC_WARN_64_TO_32_BIT_CONVERSION = YES;
				GCC_WARN_ABOUT_RETURN_TYPE = YES_ERROR;
				GCC_WARN_UNDECLARED_SELECTOR = YES;
				GCC_WARN_UNINITIALIZED_AUTOS = YES_AGGRESSIVE;
				GCC_WARN_UNUSED_FUNCTION = YES;
				GCC_WARN_UNUSED_VARIABLE = YES;
				IPHONEOS_DEPLOYMENT_TARGET = 13.1;
				MTL_ENABLE_DEBUG_INFO = INCLUDE_SOURCE;
				MTL_FAST_MATH = YES;
				ONLY_ACTIVE_ARCH = YES;
				SDKROOT = iphoneos;
				SWIFT_ACTIVE_COMPILATION_CONDITIONS = DEBUG;
				SWIFT_OPTIMIZATION_LEVEL = "-Onone";
			};
			name = Debug;
		};
		DE9B045E254A860600623287 /* Release */ = {
			isa = XCBuildConfiguration;
			buildSettings = {
				ALWAYS_SEARCH_USER_PATHS = NO;
				CLANG_ANALYZER_NONNULL = YES;
				CLANG_ANALYZER_NUMBER_OBJECT_CONVERSION = YES_AGGRESSIVE;
				CLANG_CXX_LANGUAGE_STANDARD = "gnu++14";
				CLANG_CXX_LIBRARY = "libc++";
				CLANG_ENABLE_MODULES = YES;
				CLANG_ENABLE_OBJC_ARC = YES;
				CLANG_ENABLE_OBJC_WEAK = YES;
				CLANG_WARN_BLOCK_CAPTURE_AUTORELEASING = YES;
				CLANG_WARN_BOOL_CONVERSION = YES;
				CLANG_WARN_COMMA = YES;
				CLANG_WARN_CONSTANT_CONVERSION = YES;
				CLANG_WARN_DEPRECATED_OBJC_IMPLEMENTATIONS = YES;
				CLANG_WARN_DIRECT_OBJC_ISA_USAGE = YES_ERROR;
				CLANG_WARN_DOCUMENTATION_COMMENTS = YES;
				CLANG_WARN_EMPTY_BODY = YES;
				CLANG_WARN_ENUM_CONVERSION = YES;
				CLANG_WARN_INFINITE_RECURSION = YES;
				CLANG_WARN_INT_CONVERSION = YES;
				CLANG_WARN_NON_LITERAL_NULL_CONVERSION = YES;
				CLANG_WARN_OBJC_IMPLICIT_RETAIN_SELF = YES;
				CLANG_WARN_OBJC_LITERAL_CONVERSION = YES;
				CLANG_WARN_OBJC_ROOT_CLASS = YES_ERROR;
				CLANG_WARN_RANGE_LOOP_ANALYSIS = YES;
				CLANG_WARN_STRICT_PROTOTYPES = YES;
				CLANG_WARN_SUSPICIOUS_MOVE = YES;
				CLANG_WARN_UNGUARDED_AVAILABILITY = YES_AGGRESSIVE;
				CLANG_WARN_UNREACHABLE_CODE = YES;
				CLANG_WARN__DUPLICATE_METHOD_MATCH = YES;
				COPY_PHASE_STRIP = NO;
				DEBUG_INFORMATION_FORMAT = "dwarf-with-dsym";
				ENABLE_NS_ASSERTIONS = NO;
				ENABLE_STRICT_OBJC_MSGSEND = YES;
				GCC_C_LANGUAGE_STANDARD = gnu11;
				GCC_NO_COMMON_BLOCKS = YES;
				GCC_WARN_64_TO_32_BIT_CONVERSION = YES;
				GCC_WARN_ABOUT_RETURN_TYPE = YES_ERROR;
				GCC_WARN_UNDECLARED_SELECTOR = YES;
				GCC_WARN_UNINITIALIZED_AUTOS = YES_AGGRESSIVE;
				GCC_WARN_UNUSED_FUNCTION = YES;
				GCC_WARN_UNUSED_VARIABLE = YES;
				IPHONEOS_DEPLOYMENT_TARGET = 13.1;
				MTL_ENABLE_DEBUG_INFO = NO;
				MTL_FAST_MATH = YES;
				SDKROOT = iphoneos;
				SWIFT_COMPILATION_MODE = wholemodule;
				SWIFT_OPTIMIZATION_LEVEL = "-O";
				VALIDATE_PRODUCT = YES;
			};
			name = Release;
		};
		DE9B0460254A860600623287 /* Debug */ = {
			isa = XCBuildConfiguration;
			buildSettings = {
				ASSETCATALOG_COMPILER_APPICON_NAME = AppIcon;
				CODE_SIGN_STYLE = Automatic;
				DEVELOPMENT_TEAM = S59B8CL687;
				INFOPLIST_FILE = "Multiple TableView with UISegmented Control/Info.plist";
				LD_RUNPATH_SEARCH_PATHS = (
					"$(inherited)",
					"@executable_path/Frameworks",
				);
				PRODUCT_BUNDLE_IDENTIFIER = "com.Adwait.Multiple-TableView-with-UISegmented-Control";
				PRODUCT_NAME = "$(TARGET_NAME)";
				SWIFT_VERSION = 5.0;
				TARGETED_DEVICE_FAMILY = "1,2";
			};
			name = Debug;
		};
		DE9B0461254A860600623287 /* Release */ = {
			isa = XCBuildConfiguration;
			buildSettings = {
				ASSETCATALOG_COMPILER_APPICON_NAME = AppIcon;
				CODE_SIGN_STYLE = Automatic;
				DEVELOPMENT_TEAM = S59B8CL687;
				INFOPLIST_FILE = "Multiple TableView with UISegmented Control/Info.plist";
				LD_RUNPATH_SEARCH_PATHS = (
					"$(inherited)",
					"@executable_path/Frameworks",
				);
				PRODUCT_BUNDLE_IDENTIFIER = "com.Adwait.Multiple-TableView-with-UISegmented-Control";
				PRODUCT_NAME = "$(TARGET_NAME)";
				SWIFT_VERSION = 5.0;
				TARGETED_DEVICE_FAMILY = "1,2";
			};
			name = Release;
		};
/* End XCBuildConfiguration section */

/* Begin XCConfigurationList section */
		DE9B0446254A860400623287 /* Build configuration list for PBXProject "Multiple TableView with UISegmented Control" */ = {
			isa = XCConfigurationList;
			buildConfigurations = (
				DE9B045D254A860600623287 /* Debug */,
				DE9B045E254A860600623287 /* Release */,
			);
			defaultConfigurationIsVisible = 0;
			defaultConfigurationName = Release;
		};
		DE9B045F254A860600623287 /* Build configuration list for PBXNativeTarget "Multiple TableView with UISegmented Control" */ = {
			isa = XCConfigurationList;
			buildConfigurations = (
				DE9B0460254A860600623287 /* Debug */,
				DE9B0461254A860600623287 /* Release */,
			);
			defaultConfigurationIsVisible = 0;
			defaultConfigurationName = Release;
		};
/* End XCConfigurationList section */
	};
	rootObject = DE9B0443254A860400623287 /* Project object */;
}
